15, 1
0, 24
35, 46
0, 8
7, 42
7, 37
17, 30
0, 32
5, 37
13, 9
15, 12
7, 9
33, 9
21, 37
0, 10
8, 21
13, 32
33, 9
3, 37
22, 32
14, 32
8, 46
3, 46
24, 10
22, 9
10, 9
24, 9
30, 37
18, 46
23, 31
12, 37
1, 37
17, 46
17, 26
0, 37
28, 26
35, 37
29, 21
35, 46
23, 0
29, 32
30, 5
18, 27
25, 18
33, 11
12, 10
24, 37
8, 46
5, 9
28, 21
29, 4
6, 10
18, 4
13, 10
35, 12
7, 13
15, 37
23, 21
11, 37
17, 7
27, 12
35, 44
23, 37
29, 27
15, 28
18, 37
30, 9
2, 9
5, 18
10, 37
23, 37
23, 37
35, 9
18, 43
24, 23
9, 20
12, 12
30, 46
9, 12
35, 10
3, 10
18, 31
26, 32
12, 32
18, 9
34, 32
12, 32
2, 10
7, 10
32, 21
30, 10
29, 31
5, 11
27, 37
12, 4
22, 1
23, 5
17, 37
1, 9
7, 46
5, 8
24, 31
11, 10
22, 0
35, 14
17, 4
12, 46
34, 47
0, 25
10, 26
28, 39
5, 44
0, 5
5, 15
18, 21
25, 23
0, 13
15, 44
0, 26
24, 6
3, 12
17, 20
30, 46
22, 23
28, 25
12, 31
32, 34
35, 32
5, 41
10, 31
34, 9
16, 31
27, 3
25, 13
0, 30
29, 21
35, 23
0, 1
12, 9
5, 19
24, 30
33, 28
28, 3
25, 32
22, 21
17, 0
7, 5
12, 7
0, 30
15, 31
21, 37
10, 46
0, 46
0, 0
17, 3
0, 2
32, 9
0, 31
9, 46
29, 46
14, 0
29, 9
1, 3
15, 21
1, 5
17, 0
23, 26
35, 19
22, 10
27, 8
22, 24
10, 32
1, 2
18, 32
24, 30
32, 9
12, 37
5, 37
24, 12
12, 4
3, 10
1, 8
15, 46
27, 10
12, 12
17, 9
22, 37
13, 15
32, 9
34, 45
1, 32
7, 0
29, 37
35, 32
35, 0
5, 47
0, 32
29, 30
1, 12
18, 1
35, 33
29, 11
18, 21
7, 44
24, 23
13, 1
30, 7
2, 46
11, 9
30, 30
0, 10
17, 9
22, 37
4, 4
6, 9
34, 46
12, 37
12, 47
18, 19
18, 30
27, 26
0, 12
0, 6
33, 43
33, 39
21, 10
27, 4
7, 30
9, 10
30, 39
33, 12
25, 45
12, 47
3, 11
3, 44
15, 21
15, 42
9, 25
30, 26
33, 45
33, 26
3, 29
0, 36
25, 1
25, 34
25, 28
18, 23
12, 34
2, 15
11, 20
0, 33
17, 28
4, 30
6, 11
12, 8
27, 37
22, 37
13, 20
17, 9
11, 32
0, 9
35, 9
24, 37
32, 26
17, 6
35, 45
30, 37
5, 39
22, 37
0, 15
10, 44
7, 21
0, 44
27, 9
12, 21
7, 46
24, 9
0, 12
18, 37
35, 10
0, 42
15, 32
25, 46
30, 46
23, 37
1, 21
24, 4
29, 37
0, 42
12, 46
7, 31
5, 26
10, 12
30, 9
35, 9
18, 24
24, 3
7, 31
25, 19
35, 42
18, 46
2, 18
12, 22
18, 8
12, 33
35, 26
23, 2
1, 28
35, 29
13, 5
15, 14
7, 33
30, 11
30, 25
0, 37
30, 2
35, 1
27, 10
7, 12
18, 32
0, 10
24, 3
35, 46
17, 10
22, 32
12, 10
27, 21
24, 1
12, 8
24, 10
15, 19
30, 12
0, 23
0, 5
0, 34
11, 21
17, 3
35, 31
22, 37
6, 4
12, 9
24, 37
5, 46
5, 12
27, 31
29, 37
23, 30
12, 3
1, 0
23, 46
28, 30
18, 46
18, 6
0, 20
11, 44
34, 21
23, 6
33, 1
26, 13
30, 41
33, 37
3, 9
7, 37
27, 23
18, 32
18, 37
24, 9
17, 9
15, 46
7, 3
18, 0
29, 28
35, 41
12, 10
35, 3
30, 9
12, 37
35, 0
0, 21
12, 10
5, 18
23, 24
23, 37
23, 37
23, 46
5, 9
5, 46
35, 10
5, 0
29, 3
17, 1
11, 38
18, 37
5, 9
30, 9
0, 32
5, 37
35, 46
18, 20
12, 46
0, 39
30, 12
5, 37
25, 47
35, 31
18, 7
7, 44
25, 42
30, 37
35, 32
17, 37
24, 42
27, 43
10, 21
2, 37
5, 32
5, 32
0, 32
8, 10
15, 10
21, 32
26, 42
27, 0
33, 24
32, 20
35, 46
18, 46
30, 9
23, 37
28, 46
6, 12
17, 42
5, 46
12, 9
32, 22
25, 23
0, 32
21, 6
27, 42
33, 15
9, 3
3, 8
33, 13
26, 10
6, 37
31, 37
21, 46
12, 32
29, 10
18, 3
18, 36
29, 37
23, 4
3, 45
7, 31
2, 9
30, 21
11, 9
11, 32
12, 0
5, 10
35, 47
3, 5
9, 0
29, 9
3, 32
24, 28
4, 21
9, 32
11, 5
10, 28
35, 5
18, 12
9, 39
17, 9
18, 33
33, 30
5, 4
20, 46
10, 37
18, 39
35, 46
29, 32
18, 0
20, 27
20, 24
20, 28
20, 43
0, 37
27, 37
15, 9
8, 32
24, 12
7, 31
14, 37
32, 9
32, 6
35, 23
21, 4
9, 21
0, 46
27, 1
35, 10
4, 44
35, 0
17, 43
12, 46
24, 42
25, 32
18, 13
3, 30
29, 46
35, 12
0, 15
23, 42
30, 3
9, 25
34, 21
15, 15
10, 37
10, 15
26, 27
26, 34
34, 3
15, 46
5, 46
5, 24
0, 5
0, 3
24, 12
24, 30
24, 43
15, 29
29, 14
7, 37
7, 13
27, 30
27, 3
33, 32
34, 12
27, 9
15, 46
26, 9
21, 37
5, 31
13, 37
0, 37
5, 12
0, 21
10, 32
32, 9
35, 18
8, 12
15, 37
15, 7
28, 10
33, 37
23, 46
12, 32
12, 46
29, 27
2, 46
7, 5
0, 0
0, 9
30, 6
5, 37
35, 32
23, 37
29, 6
5, 46
30, 46
12, 9
0, 30
7, 24
35, 37
17, 44
14, 34
24, 21
3, 12
24, 37
2, 3
29, 46
8, 46
8, 1
7, 4
18, 37
15, 6
9, 30
35, 9
35, 46
10, 23
35, 27
0, 46
30, 19
23, 45
23, 37
9, 28
30, 9
23, 39
17, 2
25, 21
25, 20
35, 25
24, 9
18, 12
29, 39
14, 37
0, 9
0, 11
8, 37
17, 9
33, 37
13, 46
24, 32
18, 9
8, 9
30, 32
14, 9
29, 23
24, 37
30, 37
17, 37
33, 25
24, 24
35, 21
3, 32
9, 46
20, 46
5, 37
26, 46
3, 9
2, 37
26, 45
35, 37
31, 37
21, 24
15, 37
0, 37
23, 9
6, 37
12, 37
5, 26
11, 37
32, 37
2, 46
29, 9
27, 9
23, 46
14, 12
5, 9
7, 9
13, 9
17, 42
28, 12
29, 37
1, 46
25, 26
30, 30
29, 1
35, 1
3, 31
23, 0
9, 46
14, 9
0, 3
30, 9
35, 10
33, 20
23, 26
5, 45
28, 46
0, 3
35, 9
15, 32
24, 23
7, 46
7, 43
25, 31
0, 46
0, 15
5, 33
12, 30
5, 4
17, 46
18, 6
28, 12
33, 46
21, 9
14, 9
20, 9
21, 40
5, 14
3, 11
15, 45
8, 47
3, 1
3, 23
35, 46
22, 32
5, 26
0, 37
17, 10
26, 0
0, 2
29, 46
24, 10
13, 6
5, 25
32, 30
24, 39
18, 39
15, 26
1, 32
1, 1
26, 12
2, 8
12, 29
29, 24
14, 40
24, 5
26, 0
2, 8
35, 41
17, 12
14, 46
24, 5
13, 7
29, 32
12, 25
25, 14
35, 8
7, 30
18, 2
30, 41
31, 40
5, 5
23, 8
18, 10
2, 32
10, 10
24, 37
18, 14
29, 42
21, 29
32, 8
20, 21
11, 37
23, 1
14, 46
2, 20
23, 9
30, 14
26, 29
16, 24
0, 13
5, 10
23, 3
30, 9
17, 29
35, 13
18, 5
8, 2
0, 4
17, 25
29, 26
0, 12
24, 29
23, 32
5, 32
29, 42
35, 7
9, 7
7, 12
0, 9
12, 32
17, 21
35, 37
17, 11
30, 29
29, 34
6, 3
8, 26
23, 31
17, 5
12, 14
14, 46
0, 29
11, 4
30, 10
24, 9
24, 15
5, 21
35, 3
35, 3
17, 21
35, 5
0, 33
33, 10
28, 31
8, 15
3, 32
16, 0
13, 0
8, 24
29, 5
35, 12
3, 0
23, 9
30, 9
5, 23
30, 15
18, 32
24, 9
0, 5
10, 4
5, 10
15, 37
23, 46
0, 46
29, 15
15, 0
29, 21
23, 19
0, 4
0, 22
11, 39
17, 31
35, 9
29, 42
35, 0
5, 32
29, 22
18, 29
5, 31
17, 37
29, 2
8, 30
18, 45
3, 6
24, 15
5, 29
30, 24
11, 12
32, 14
5, 12
18, 32
29, 37
14, 46
32, 46
26, 37
15, 4
6, 25
27, 42
30, 3
18, 21
0, 47
25, 30
12, 37
3, 15
21, 23
0, 14
18, 21
25, 9
25, 8
8, 34
0, 27
0, 14
14, 8
21, 15
7, 39
30, 1
3, 2
7, 1
24, 2
0, 7
29, 44
2, 13
24, 18
30, 27
21, 30
34, 15
9, 37
0, 45
30, 47
35, 32
15, 36
25, 37
20, 32
14, 32
23, 32
6, 32
35, 12
24, 9
30, 9
0, 12
10, 32
9, 9
30, 32
25, 5
9, 8
3, 47
35, 4
17, 31
12, 21
18, 0
32, 21
27, 33
26, 14
0, 25
3, 12
11, 26
11, 21
23, 14
10, 2
15, 23
0, 4
12, 22
33, 3
32, 1
24, 13
12, 42
23, 12
28, 0
1, 37
17, 15
27, 44
33, 21
27, 9
1, 26
13, 30
10, 5
29, 14
17, 43
