4, 35
0, 30
10, 31
10, 30
11, 30
9, 18
10, 49
9, 31
6, 18
0, 18
2, 18
1, 46
1, 45
11, 48
5, 31
1, 23
1, 31
2, 30
10, 20
10, 48
1, 30
5, 31
7, 21
4, 30
2, 31
4, 30
10, 18
5, 18
3, 18
8, 48
11, 31
11, 30
6, 31
1, 18
10, 45
11, 18
5, 31
1, 49
9, 44
3, 17
4, 9
2, 19
1, 28
8, 41
11, 23
10, 12
4, 31
3, 30
11, 18
8, 18
5, 18
8, 31
7, 31
4, 30
2, 31
0, 12
11, 17
11, 31
0, 31
3, 31
8, 30
7, 28
11, 49
3, 20
6, 30
0, 27
2, 16
0, 20
8, 15
1, 2
10, 6
10, 39
11, 23
4, 49
1, 9
4, 38
11, 13
6, 15
