7, 30
0, 18
2, 31
2, 30
4, 30
10, 30
4, 48
8, 31
6, 30
0, 30
8, 18
1, 41
1, 28
5, 1
7, 13
10, 18
10, 31
9, 31
2, 18
2, 18
10, 30
6, 31
3, 42
1, 30
9, 30
7, 20
9, 31
6, 49
3, 31
11, 48
5, 18
3, 18
5, 31
1, 30
11, 38
11, 36
6, 31
1, 13
1, 49
4, 43
2, 45
9, 48
11, 24
9, 13
10, 20
2, 12
1, 31
5, 30
3, 30
11, 18
5, 30
7, 31
3, 31
6, 31
9, 18
0, 43
10, 35
4, 31
11, 31
0, 31
11, 30
7, 19
4, 44
11, 49
3, 30
0, 34
2, 29
0, 47
8, 30
10, 18
1, 46
1, 41
3, 16
6, 31
9, 49
7, 29
11, 43
8, 19
