27, 30
4, 30
0, 23
6, 21
31, 18
29, 18
2, 39
26, 24
3, 26
4, 23
0, 6
31, 22
29, 7
10, 9
4, 17
31, 27
7, 0
9, 9
1, 22
1, 26
9, 28
25, 27
22, 31
31, 41
0, 42
27, 24
12, 13
20, 32
23, 37
20, 20
22, 38
31, 17
1, 33
27, 42
0, 28
1, 28
26, 22
16, 24
20, 41
7, 20
0, 30
3, 33
4, 9
29, 29
1, 22
7, 1
31, 6
27, 0
20, 39
29, 13
1, 39
0, 1
28, 32
29, 27
25, 17
3, 26
28, 28
4, 29
26, 31
31, 12
3, 27
29, 17
31, 28
28, 6
4, 33
7, 1
26, 22
5, 30
29, 42
28, 7
0, 26
6, 22
4, 9
0, 13
28, 8
31, 32
7, 2
26, 30
5, 39
28, 30
2, 30
0, 30
0, 31
31, 23
29, 41
7, 40
7, 27
3, 22
28, 33
31, 27
4, 14
29, 17
26, 6
0, 33
1, 25
20, 17
22, 23
10, 39
26, 23
6, 39
31, 39
12, 30
28, 21
7, 25
4, 0
3, 39
1, 30
25, 39
15, 30
0, 39
9, 39
23, 30
27, 30
22, 39
16, 22
29, 39
19, 39
4, 39
23, 39
7, 30
29, 30
25, 30
4, 21
3, 21
1, 1
1, 30
7, 21
26, 18
31, 21
0, 30
28, 21
6, 18
7, 30
1, 21
4, 39
6, 39
31, 30
28, 39
9, 27
3, 39
25, 18
29, 28
20, 39
0, 14
26, 39
4, 30
6, 14
23, 12
4, 21
7, 23
31, 23
6, 33
1, 42
29, 30
28, 39
16, 9
26, 30
3, 22
31, 22
31, 24
1, 40
0, 39
3, 30
25, 30
1, 21
0, 20
25, 14
31, 42
28, 18
3, 23
26, 17
1, 0
22, 26
31, 31
28, 43
31, 1
29, 21
4, 23
7, 39
28, 27
6, 27
29, 39
20, 30
6, 30
7, 39
12, 23
3, 30
10, 39
31, 30
28, 30
4, 39
1, 39
26, 21
23, 30
9, 40
22, 39
25, 39
0, 21
15, 30
25, 1
0, 22
4, 28
3, 26
29, 31
1, 13
26, 19
7, 7
31, 21
9, 6
28, 1
4, 17
3, 20
29, 26
0, 28
