46, 7
26, 6
43, 2
72, 14
4, 1
63, 1
75, 0
29, 4
50, 7
69, 0
30, 0
74, 2
15, 9
1, 14
29, 2
58, 1
37, 1
0, 2
38, 9
71, 2
16, 14
46, 14
15, 1
57, 0
55, 9
1, 1
44, 9
57, 1
50, 6
17, 8
30, 14
73, 1
1, 7
60, 14
75, 7
42, 6
74, 8
42, 13
44, 5
48, 8
18, 2
70, 8
18, 14
13, 5
19, 8
16, 9
31, 2
19, 8
19, 9
17, 9
59, 4
30, 0
74, 2
41, 13
71, 2
45, 13
30, 4
41, 0
63, 9
74, 14
75, 10
21, 9
31, 8
73, 0
59, 0
52, 0
43, 10
2, 10
59, 1
37, 5
55, 14
13, 4
48, 10
3, 14
46, 4
15, 14
29, 14
66, 8
71, 13
21, 10
19, 8
73, 13
42, 10
71, 6
23, 1
2, 10
49, 14
13, 2
75, 14
15, 0
26, 14
2, 14
61, 14
37, 2
50, 0
24, 7
62, 2
57, 6
70, 2
16, 14
37, 14
57, 14
75, 6
15, 14
41, 14
57, 4
19, 14
73, 14
42, 7
59, 14
3, 1
30, 14
72, 1
60, 4
74, 0
73, 14
43, 14
61, 13
74, 5
60, 4
2, 14
2, 14
2, 6
37, 8
74, 1
4, 9
15, 2
6, 10
73, 14
29, 2
31, 1
4, 5
49, 14
44, 0
60, 6
59, 0
31, 14
1, 14
71, 14
17, 14
30, 6
55, 14
32, 9
15, 5
17, 14
46, 10
60, 2
50, 8
55, 6
74, 4
72, 5
60, 9
47, 8
1, 7
14, 5
35, 5
26, 13
72, 14
59, 4
73, 7
44, 14
30, 2
60, 1
32, 2
73, 9
29, 6
18, 7
75, 5
57, 14
24, 14
30, 14
58, 14
55, 14
15, 9
58, 9
17, 14
73, 5
49, 0
32, 2
0, 8
1, 14
4, 0
32, 14
30, 10
46, 14
73, 14
13, 0
19, 8
29, 4
3, 14
24, 4
31, 2
61, 8
3, 4
2, 5
73, 14
17, 0
29, 0
55, 13
59, 14
30, 1
1, 6
32, 14
1, 4
73, 10
57, 14
30, 5
17, 6
17, 1
69, 14
57, 8
37, 9
50, 14
28, 8
6, 6
26, 8
18, 5
50, 5
60, 6
29, 13
60, 14
18, 6
0, 14
18, 9
2, 7
44, 0
12, 9
58, 0
71, 4
43, 2
72, 14
60, 9
4, 0
43, 4
2, 14
6, 5
46, 1
4, 2
57, 4
27, 7
75, 13
0, 14
62, 14
20, 6
13, 6
31, 9
0, 6
1, 9
47, 14
28, 14
20, 14
33, 14
30, 10
6, 14
64, 7
60, 14
0, 0
17, 4
17, 5
59, 2
13, 7
57, 10
17, 2
30, 14
0, 14
46, 2
73, 1
0, 10
59, 9
48, 5
37, 10
2, 4
26, 10
72, 10
43, 1
14, 4
71, 9
72, 9
16, 8
43, 14
41, 4
72, 6
43, 8
61, 10
40, 9
4, 14
75, 14
29, 7
70, 7
20, 0
44, 2
56, 9
3, 6
41, 2
3, 7
38, 14
30, 7
27, 8
12, 14
0, 7
24, 8
71, 0
1, 5
74, 0
15, 14
38, 4
0, 14
16, 14
60, 0
64, 1
71, 9
61, 10
16, 5
26, 1
49, 5
16, 14
59, 5
4, 10
55, 6
27, 14
47, 2
39, 0
30, 5
35, 10
3, 10
13, 0
32, 14
60, 13
71, 1
75, 1
0, 14
46, 4
75, 10
42, 1
44, 7
28, 9
59, 13
2, 2
30, 2
1, 13
72, 0
16, 0
75, 10
2, 1
40, 0
57, 14
12, 6
39, 6
73, 14
43, 5
15, 4
2, 13
29, 8
29, 1
33, 10
70, 7
71, 14
1, 9
43, 14
2, 14
13, 0
70, 13
38, 6
6, 14
71, 14
13, 5
46, 10
74, 13
73, 13
45, 10
30, 14
73, 14
0, 14
41, 0
19, 5
74, 0
58, 14
73, 0
5, 0
19, 14
15, 9
73, 6
48, 14
1, 8
41, 13
0, 0
75, 2
18, 8
20, 4
13, 9
60, 5
2, 2
13, 1
59, 10
30, 14
37, 0
26, 0
15, 1
2, 14
30, 14
24, 0
31, 0
73, 9
71, 0
41, 5
1, 14
58, 14
53, 2
4, 14
49, 9
75, 8
13, 14
74, 10
17, 5
16, 2
46, 9
18, 0
35, 7
16, 10
49, 7
59, 0
1, 7
75, 2
35, 1
73, 8
28, 0
55, 4
3, 0
73, 2
30, 0
26, 2
30, 7
32, 14
44, 9
59, 14
20, 5
46, 10
30, 8
57, 0
44, 8
27, 1
4, 14
33, 4
44, 5
31, 4
16, 9
57, 0
44, 2
71, 0
18, 4
57, 2
14, 8
18, 0
73, 7
32, 4
74, 0
32, 4
46, 9
63, 10
41, 2
15, 14
16, 7
0, 1
27, 6
52, 14
29, 8
59, 4
59, 4
73, 2
46, 1
2, 10
30, 14
1, 2
73, 1
1, 0
13, 10
30, 8
63, 0
13, 4
1, 2
47, 9
60, 2
73, 0
39, 5
30, 5
1, 5
74, 5
2, 1
41, 2
30, 4
29, 8
55, 5
58, 9
42, 0
42, 8
35, 4
30, 9
70, 10
29, 14
3, 9
2, 8
74, 8
15, 5
74, 0
46, 0
43, 8
74, 2
75, 2
75, 0
17, 14
1, 8
15, 14
30, 1
72, 13
50, 10
35, 6
28, 10
16, 9
15, 13
73, 10
2, 2
41, 1
57, 5
71, 5
46, 5
72, 2
59, 4
48, 8
60, 0
74, 1
30, 0
60, 10
32, 5
70, 7
44, 4
13, 8
58, 13
1, 14
41, 10
2, 2
60, 7
1, 6
55, 5
16, 2
73, 14
1, 0
74, 2
43, 7
28, 1
13, 8
59, 8
15, 5
28, 1
4, 2
44, 9
16, 5
28, 6
46, 5
41, 6
4, 0
30, 0
59, 2
1, 13
27, 4
50, 4
29, 14
30, 8
50, 5
16, 6
58, 8
31, 7
73, 2
1, 13
74, 2
15, 8
0, 9
32, 10
43, 4
30, 2
17, 7
26, 4
38, 5
15, 10
18, 14
18, 5
35, 0
46, 5
30, 10
46, 10
44, 14
18, 2
48, 4
44, 1
1, 10
3, 14
29, 10
44, 10
43, 14
30, 2
48, 14
32, 6
44, 2
19, 1
46, 1
74, 6
6, 0
15, 8
16, 2
73, 1
30, 1
6, 14
27, 10
27, 0
48, 14
35, 14
17, 14
0, 14
44, 13
30, 4
56, 7
73, 7
0, 14
43, 6
24, 5
74, 2
45, 14
30, 14
60, 7
24, 14
72, 4
60, 14
43, 14
2, 8
6, 13
29, 14
30, 1
74, 6
56, 5
32, 6
30, 2
57, 8
2, 8
46, 0
13, 14
41, 14
57, 13
73, 6
44, 1
45, 4
42, 6
71, 2
43, 14
71, 9
24, 6
0, 9
4, 9
71, 0
59, 6
73, 2
30, 5
57, 7
46, 6
57, 9
27, 2
32, 13
71, 8
48, 0
61, 6
30, 0
44, 4
60, 10
4, 8
2, 2
75, 10
19, 10
70, 1
1, 2
43, 4
1, 8
60, 14
16, 1
8, 6
23, 6
45, 13
16, 14
29, 5
75, 9
4, 5
41, 9
42, 2
71, 13
16, 7
2, 1
61, 9
50, 1
16, 1
32, 5
3, 14
60, 1
61, 6
44, 10
46, 6
61, 5
34, 5
15, 4
30, 14
59, 2
46, 4
15, 2
41, 9
29, 6
75, 7
61, 2
42, 0
55, 9
70, 6
72, 2
7, 8
1, 2
4, 10
16, 0
46, 14
12, 1
23, 0
24, 9
60, 14
74, 5
73, 4
71, 14
58, 6
73, 0
11, 1
40, 10
0, 0
57, 0
3, 8
57, 14
0, 8
0, 0
29, 1
71, 10
73, 2
30, 9
74, 4
41, 7
4, 6
74, 5
74, 10
29, 9
16, 5
57, 14
57, 4
62, 0
71, 6
74, 4
43, 8
15, 2
71, 9
15, 5
75, 4
2, 5
74, 7
57, 7
13, 14
61, 1
1, 9
15, 2
71, 2
41, 10
74, 6
75, 2
16, 2
4, 14
29, 14
74, 9
29, 5
58, 14
30, 10
73, 7
71, 10
15, 14
60, 8
30, 9
27, 9
27, 5
57, 9
44, 14
4, 9
16, 9
74, 4
16, 7
2, 5
43, 10
28, 7
59, 2
59, 5
73, 2
41, 2
2, 8
69, 9
32, 14
57, 14
4, 0
35, 14
71, 2
30, 6
57, 14
73, 0
73, 7
43, 9
41, 8
73, 5
38, 10
29, 14
73, 14
2, 13
73, 9
60, 0
44, 10
1, 14
17, 7
28, 10
74, 0
74, 5
39, 1
1, 6
27, 1
16, 5
60, 10
44, 1
57, 1
30, 5
61, 4
15, 8
29, 6
60, 14
41, 6
47, 14
1, 8
58, 4
74, 14
61, 9
41, 0
30, 5
57, 5
13, 0
57, 0
16, 13
13, 13
34, 10
18, 6
2, 10
73, 2
74, 1
2, 2
0, 4
3, 4
60, 1
30, 14
73, 14
43, 5
71, 10
3, 5
2, 0
0, 13
27, 13
28, 13
70, 2
0, 9
21, 9
32, 2
74, 0
43, 0
1, 2
18, 14
59, 14
44, 2
2, 9
75, 7
59, 14
60, 4
71, 6
18, 0
74, 0
60, 14
16, 5
19, 10
4, 2
32, 5
59, 10
69, 2
41, 0
2, 2
58, 13
15, 7
55, 10
1, 1
41, 10
71, 7
4, 2
1, 10
15, 2
60, 0
2, 5
48, 6
75, 7
29, 10
69, 10
46, 4
59, 1
74, 0
59, 14
30, 14
29, 7
52, 5
1, 2
3, 7
0, 7
0, 13
46, 14
16, 7
45, 2
43, 10
6, 2
45, 4
74, 0
41, 10
46, 5
46, 13
41, 0
42, 0
57, 14
0, 5
46, 0
29, 13
15, 10
19, 13
15, 5
29, 8
43, 13
13, 4
16, 9
28, 2
74, 14
15, 6
45, 6
0, 14
43, 9
57, 4
71, 5
2, 9
46, 14
15, 14
2, 0
39, 0
2, 0
32, 1
16, 4
43, 1
71, 14
1, 8
4, 14
2, 9
0, 14
56, 10
30, 2
74, 14
74, 6
71, 6
55, 0
1, 14
41, 14
18, 14
30, 14
44, 14
72, 0
16, 14
3, 2
34, 2
1, 9
18, 4
74, 6
0, 7
28, 14
32, 8
2, 14
44, 6
60, 5
57, 4
16, 0
45, 1
59, 1
73, 9
30, 7
15, 2
28, 7
30, 8
27, 7
46, 8
57, 9
30, 2
74, 0
75, 13
59, 6
4, 1
28, 4
59, 4
60, 6
1, 14
57, 0
71, 6
15, 6
74, 14
18, 1
13, 14
18, 7
59, 0
57, 7
29, 1
16, 2
59, 7
16, 2
30, 13
38, 5
72, 0
41, 14
59, 5
2, 7
74, 13
6, 1
58, 13
29, 8
19, 0
43, 0
32, 1
30, 14
44, 14
1, 14
44, 14
74, 14
61, 6
74, 5
3, 14
32, 0
29, 6
19, 2
8, 14
74, 14
18, 14
17, 10
18, 2
73, 0
71, 14
74, 14
30, 9
18, 6
61, 10
10, 6
32, 4
46, 14
15, 4
4, 2
48, 7
43, 0
61, 0
1, 0
0, 1
41, 2
74, 8
18, 8
35, 13
59, 0
45, 9
43, 4
3, 14
3, 6
45, 14
17, 13
41, 4
59, 1
0, 10
2, 4
70, 14
4, 13
73, 2
16, 14
62, 0
32, 1
71, 14
14, 1
14, 13
2, 5
48, 4
1, 1
50, 6
23, 4
