numberEvaluations = 38376421
Start Date/Time = 2017-10-27.15:32:55
TA parameters:
cooling schedule: 300, 1.8e-06, 5, 0.0003
Testset info:
exam_comp_set12.exam
ITC2007 Examination Track Dataset 12
./../../../../ETTP-Benchmarks/ITC2007

Exam Move Statistics
==============================================================
Date/Time = 2017-10-27.15:36:58
Solution fitness = 5274
# evaluations performed = 31371322
1, 12
0, 30
8, 31
8, 30
6, 30
7, 31
10, 49
2, 31
2, 18
0, 18
3, 30
5, 35
10, 36
7, 39
10, 46
10, 13
10, 31
9, 31
8, 49
8, 48
10, 18
5, 31
3, 0
7, 18
10, 30
2, 30
8, 18
5, 49
1, 18
11, 31
9, 30
3, 18
6, 31
3, 31
10, 12
11, 19
5, 48
1, 48
1, 20
1, 17
1, 35
1, 15
7, 0
11, 43
3, 2
8, 12
7, 31
1, 30
4, 44
11, 18
5, 31
1, 31
3, 31
2, 30
9, 31
4, 42
11, 46
0, 31
11, 31
4, 31
11, 30
10, 26
11, 44
4, 43
5, 31
0, 42
10, 47
0, 43
11, 20
1, 48
8, 21
9, 40
3, 30
7, 6
1, 22
1, 43
3, 49
5, 44
==============================================================
End Date/Time = 2017-10-27.15:36:58
Seconds elapsed = 243
