30, 39
3, 30
0, 0
5, 30
26, 22
1, 18
28, 39
1, 32
4, 43
30, 29
25, 0
7, 17
7, 0
28, 12
29, 43
1, 31
1, 13
23, 38
0, 23
0, 40
22, 9
25, 25
1, 17
23, 13
0, 8
13, 1
6, 14
21, 39
26, 2
29, 42
6, 43
31, 17
4, 29
3, 13
28, 10
1, 17
29, 28
10, 40
21, 12
16, 19
31, 9
3, 19
26, 6
10, 10
3, 6
9, 25
31, 23
13, 25
21, 28
0, 13
31, 21
0, 22
28, 26
6, 31
4, 0
29, 31
28, 11
3, 32
1, 40
29, 9
7, 20
3, 12
0, 28
25, 39
28, 0
4, 7
4, 24
9, 18
1, 8
29, 30
0, 9
23, 30
26, 10
0, 38
4, 2
31, 7
3, 1
4, 30
9, 39
26, 30
30, 30
1, 30
0, 23
25, 0
1, 27
28, 43
26, 17
4, 32
25, 14
3, 27
1, 4
28, 14
31, 43
7, 1
0, 28
29, 24
6, 40
28, 21
29, 17
7, 39
31, 39
6, 39
22, 39
9, 28
3, 23
23, 39
0, 39
4, 30
18, 28
25, 21
1, 39
14, 23
13, 39
26, 39
20, 39
10, 30
29, 21
6, 30
3, 21
9, 19
26, 39
25, 30
3, 21
4, 39
28, 18
28, 19
16, 39
0, 27
31, 21
1, 30
29, 30
23, 30
26, 25
25, 30
3, 30
7, 39
28, 30
29, 39
1, 39
23, 39
4, 18
10, 18
21, 39
31, 1
0, 30
6, 39
3, 26
7, 11
29, 21
9, 1
31, 28
7, 6
28, 23
0, 39
4, 21
10, 4
31, 30
26, 40
28, 20
28, 42
1, 13
3, 39
1, 21
25, 39
26, 30
4, 20
26, 4
0, 41
28, 13
25, 20
0, 20
1, 1
22, 17
3, 17
31, 17
3, 19
29, 30
28, 17
7, 30
31, 20
6, 43
10, 39
12, 30
13, 30
6, 30
16, 18
3, 39
9, 20
0, 21
31, 30
29, 39
28, 39
7, 30
26, 1
22, 33
1, 39
25, 39
4, 39
23, 20
26, 43
31, 22
0, 20
3, 7
6, 9
31, 31
7, 9
1, 30
28, 30
23, 26
4, 23
29, 20
3, 0
25, 40
0, 18
